
Microsoft Visual Studio Solution File, Format Version 12.00
# Visual Studio Version 16
VisualStudioVersion = 16.0.31019.35
MinimumVisualStudioVersion = 10.0.40219.1
Project("{FAE04EC0-301F-11D3-BF4B-00C04F79EFBC}") = "EntityFramework Assignment", "EntityFramework Assignment\EntityFramework Assignment.csproj", "{F9FA13CB-70BB-420C-9A2D-CF7AD550906E}"
EndProject
Global
	GlobalSection(SolutionConfigurationPlatforms) = preSolution
		Debug|Any CPU = Debug|Any CPU
		Release|Any CPU = Release|Any CPU
	EndGlobalSection
	GlobalSection(ProjectConfigurationPlatforms) = postSolution
		{F9FA13CB-70BB-420C-9A2D-CF7AD550906E}.Debug|Any CPU.ActiveCfg = Debug|Any CPU
		{F9FA13CB-70BB-420C-9A2D-CF7AD550906E}.Debug|Any CPU.Build.0 = Debug|Any CPU
		{F9FA13CB-70BB-420C-9A2D-CF7AD550906E}.Release|Any CPU.ActiveCfg = Release|Any CPU
		{F9FA13CB-70BB-420C-9A2D-CF7AD550906E}.Release|Any CPU.Build.0 = Release|Any CPU
	EndGlobalSection
	GlobalSection(SolutionProperties) = preSolution
		HideSolutionNode = FALSE
	EndGlobalSection
	GlobalSection(ExtensibilityGlobals) = postSolution
		SolutionGuid = {B7426AE4-E349-42E4-8F70-9D27DEC78ACE}
	EndGlobalSection
EndGlobal
